
Microsoft Visual Studio Solution File, Format Version 12.00
# Visual Studio 14
VisualStudioVersion = 14.0.22310.1
MinimumVisualStudioVersion = 10.0.40219.1
Project("{FAE04EC0-301F-11D3-BF4B-00C04F79EFBC}") = "Midgard.Base32", "Midgard.Base32\Midgard.Base32.csproj", "{6ACC3B15-01C0-4E4E-8D79-C192D5BFB76C}"
EndProject
Project("{FAE04EC0-301F-11D3-BF4B-00C04F79EFBC}") = "Midgard.Base32.Test", "Midgard.Base32.Test\Midgard.Base32.Test.csproj", "{7D03A80A-A831-4E8E-9BE0-7CAD8E200FC4}"
EndProject
Global
	GlobalSection(SolutionConfigurationPlatforms) = preSolution
		Debug|Any CPU = Debug|Any CPU
		Release|Any CPU = Release|Any CPU
	EndGlobalSection
	GlobalSection(ProjectConfigurationPlatforms) = postSolution
		{6ACC3B15-01C0-4E4E-8D79-C192D5BFB76C}.Debug|Any CPU.ActiveCfg = Debug|Any CPU
		{6ACC3B15-01C0-4E4E-8D79-C192D5BFB76C}.Debug|Any CPU.Build.0 = Debug|Any CPU
		{6ACC3B15-01C0-4E4E-8D79-C192D5BFB76C}.Release|Any CPU.ActiveCfg = Release|Any CPU
		{6ACC3B15-01C0-4E4E-8D79-C192D5BFB76C}.Release|Any CPU.Build.0 = Release|Any CPU
		{7D03A80A-A831-4E8E-9BE0-7CAD8E200FC4}.Debug|Any CPU.ActiveCfg = Debug|Any CPU
		{7D03A80A-A831-4E8E-9BE0-7CAD8E200FC4}.Debug|Any CPU.Build.0 = Debug|Any CPU
		{7D03A80A-A831-4E8E-9BE0-7CAD8E200FC4}.Release|Any CPU.ActiveCfg = Release|Any CPU
		{7D03A80A-A831-4E8E-9BE0-7CAD8E200FC4}.Release|Any CPU.Build.0 = Release|Any CPU
	EndGlobalSection
	GlobalSection(SolutionProperties) = preSolution
		HideSolutionNode = FALSE
	EndGlobalSection
EndGlobal
